// !$*UTF8*$!
{
	archiveVersion = 1;
	classes = {
	};
	objectVersion = 56;
	objects = {

/* Begin PBXBuildFile section */
		F85EDF0F2CA5B01100B55FE0 /* AppDelegate.swift in Sources */ = {isa = PBXBuildFile; fileRef = F85EDF0E2CA5B01100B55FE0 /* AppDelegate.swift */; };
		F85EDF112CA5B01100B55FE0 /* SceneDelegate.swift in Sources */ = {isa = PBXBuildFile; fileRef = F85EDF102CA5B01100B55FE0 /* SceneDelegate.swift */; };
		F85EDF162CA5B01100B55FE0 /* Main.storyboard in Resources */ = {isa = PBXBuildFile; fileRef = F85EDF142CA5B01100B55FE0 /* Main.storyboard */; };
		F85EDF192CA5B01100B55FE0 /* banquemisr_challenge05.xcdatamodeld in Sources */ = {isa = PBXBuildFile; fileRef = F85EDF172CA5B01100B55FE0 /* banquemisr_challenge05.xcdatamodeld */; };
		F85EDF1B2CA5B01300B55FE0 /* Assets.xcassets in Resources */ = {isa = PBXBuildFile; fileRef = F85EDF1A2CA5B01300B55FE0 /* Assets.xcassets */; };
		F85EDF1E2CA5B01300B55FE0 /* LaunchScreen.storyboard in Resources */ = {isa = PBXBuildFile; fileRef = F85EDF1C2CA5B01300B55FE0 /* LaunchScreen.storyboard */; };
		F85EDF292CA5B01300B55FE0 /* banquemisr_challenge05Tests.swift in Sources */ = {isa = PBXBuildFile; fileRef = F85EDF282CA5B01300B55FE0 /* banquemisr_challenge05Tests.swift */; };
		F85EDF332CA5B01300B55FE0 /* banquemisr_challenge05UITests.swift in Sources */ = {isa = PBXBuildFile; fileRef = F85EDF322CA5B01300B55FE0 /* banquemisr_challenge05UITests.swift */; };
		F85EDF352CA5B01300B55FE0 /* banquemisr_challenge05UITestsLaunchTests.swift in Sources */ = {isa = PBXBuildFile; fileRef = F85EDF342CA5B01300B55FE0 /* banquemisr_challenge05UITestsLaunchTests.swift */; };
		F85EDF4C2CA5B7A200B55FE0 /* popularViewController.swift in Sources */ = {isa = PBXBuildFile; fileRef = F85EDF4B2CA5B7A200B55FE0 /* popularViewController.swift */; };
		F85EDF4E2CA5B7C600B55FE0 /* popularViewModel.swift in Sources */ = {isa = PBXBuildFile; fileRef = F85EDF4D2CA5B7C600B55FE0 /* popularViewModel.swift */; };
		F85EDF502CA5B7E100B55FE0 /* upcomingViewController.swift in Sources */ = {isa = PBXBuildFile; fileRef = F85EDF4F2CA5B7E100B55FE0 /* upcomingViewController.swift */; };
		F85EDF522CA5B7F700B55FE0 /* upcomingViewModel.swift in Sources */ = {isa = PBXBuildFile; fileRef = F85EDF512CA5B7F700B55FE0 /* upcomingViewModel.swift */; };
		F85EDF542CA5B81600B55FE0 /* nowplayingViewModel.swift in Sources */ = {isa = PBXBuildFile; fileRef = F85EDF532CA5B81600B55FE0 /* nowplayingViewModel.swift */; };
		F85EDF562CA5B82B00B55FE0 /* nowplayingViewController.swift in Sources */ = {isa = PBXBuildFile; fileRef = F85EDF552CA5B82B00B55FE0 /* nowplayingViewController.swift */; };
		F85EDF612CA5B90F00B55FE0 /* APIManger.swift in Sources */ = {isa = PBXBuildFile; fileRef = F85EDF602CA5B90F00B55FE0 /* APIManger.swift */; };
		F85EDF632CA5B92000B55FE0 /* Network.swift in Sources */ = {isa = PBXBuildFile; fileRef = F85EDF622CA5B92000B55FE0 /* Network.swift */; };
		F85EDF682CA5BD7F00B55FE0 /* movieDetailesViewModel.swift in Sources */ = {isa = PBXBuildFile; fileRef = F85EDF672CA5BD7F00B55FE0 /* movieDetailesViewModel.swift */; };
		F85EDF6A2CA5BD9B00B55FE0 /* MovieDetailesViewController.swift in Sources */ = {isa = PBXBuildFile; fileRef = F85EDF692CA5BD9B00B55FE0 /* MovieDetailesViewController.swift */; };
		F85EDF6C2CA5F26D00B55FE0 /* NetworkProtocol.swift in Sources */ = {isa = PBXBuildFile; fileRef = F85EDF6B2CA5F26D00B55FE0 /* NetworkProtocol.swift */; };
		F85EDF6F2CA5FC8100B55FE0 /* CustomTableViewCell.swift in Sources */ = {isa = PBXBuildFile; fileRef = F85EDF6D2CA5FC8100B55FE0 /* CustomTableViewCell.swift */; };
		F85EDF702CA5FC8100B55FE0 /* CustomTableViewCell.xib in Resources */ = {isa = PBXBuildFile; fileRef = F85EDF6E2CA5FC8100B55FE0 /* CustomTableViewCell.xib */; };
		F85EDF732CA6337400B55FE0 /* NowPlayingModel.swift in Sources */ = {isa = PBXBuildFile; fileRef = F85EDF722CA6337400B55FE0 /* NowPlayingModel.swift */; };
/* End PBXBuildFile section */

/* Begin PBXContainerItemProxy section */
		F85EDF252CA5B01300B55FE0 /* PBXContainerItemProxy */ = {
			isa = PBXContainerItemProxy;
			containerPortal = F85EDF032CA5B01100B55FE0 /* Project object */;
			proxyType = 1;
			remoteGlobalIDString = F85EDF0A2CA5B01100B55FE0;
			remoteInfo = banquemisr.challenge05;
		};
		F85EDF2F2CA5B01300B55FE0 /* PBXContainerItemProxy */ = {
			isa = PBXContainerItemProxy;
			containerPortal = F85EDF032CA5B01100B55FE0 /* Project object */;
			proxyType = 1;
			remoteGlobalIDString = F85EDF0A2CA5B01100B55FE0;
			remoteInfo = banquemisr.challenge05;
		};
/* End PBXContainerItemProxy section */

/* Begin PBXFileReference section */
		F85EDF0B2CA5B01100B55FE0 /* banquemisr.challenge05.app */ = {isa = PBXFileReference; explicitFileType = wrapper.application; includeInIndex = 0; path = banquemisr.challenge05.app; sourceTree = BUILT_PRODUCTS_DIR; };
		F85EDF0E2CA5B01100B55FE0 /* AppDelegate.swift */ = {isa = PBXFileReference; lastKnownFileType = sourcecode.swift; path = AppDelegate.swift; sourceTree = "<group>"; };
		F85EDF102CA5B01100B55FE0 /* SceneDelegate.swift */ = {isa = PBXFileReference; lastKnownFileType = sourcecode.swift; path = SceneDelegate.swift; sourceTree = "<group>"; };
		F85EDF152CA5B01100B55FE0 /* Base */ = {isa = PBXFileReference; lastKnownFileType = file.storyboard; name = Base; path = Base.lproj/Main.storyboard; sourceTree = "<group>"; };
		F85EDF182CA5B01100B55FE0 /* banquemisr_challenge05.xcdatamodel */ = {isa = PBXFileReference; lastKnownFileType = wrapper.xcdatamodel; path = banquemisr_challenge05.xcdatamodel; sourceTree = "<group>"; };
		F85EDF1A2CA5B01300B55FE0 /* Assets.xcassets */ = {isa = PBXFileReference; lastKnownFileType = folder.assetcatalog; path = Assets.xcassets; sourceTree = "<group>"; };
		F85EDF1D2CA5B01300B55FE0 /* Base */ = {isa = PBXFileReference; lastKnownFileType = file.storyboard; name = Base; path = Base.lproj/LaunchScreen.storyboard; sourceTree = "<group>"; };
		F85EDF1F2CA5B01300B55FE0 /* Info.plist */ = {isa = PBXFileReference; lastKnownFileType = text.plist.xml; path = Info.plist; sourceTree = "<group>"; };
		F85EDF242CA5B01300B55FE0 /* banquemisr.challenge05Tests.xctest */ = {isa = PBXFileReference; explicitFileType = wrapper.cfbundle; includeInIndex = 0; path = banquemisr.challenge05Tests.xctest; sourceTree = BUILT_PRODUCTS_DIR; };
		F85EDF282CA5B01300B55FE0 /* banquemisr_challenge05Tests.swift */ = {isa = PBXFileReference; lastKnownFileType = sourcecode.swift; path = banquemisr_challenge05Tests.swift; sourceTree = "<group>"; };
		F85EDF2E2CA5B01300B55FE0 /* banquemisr.challenge05UITests.xctest */ = {isa = PBXFileReference; explicitFileType = wrapper.cfbundle; includeInIndex = 0; path = banquemisr.challenge05UITests.xctest; sourceTree = BUILT_PRODUCTS_DIR; };
		F85EDF322CA5B01300B55FE0 /* banquemisr_challenge05UITests.swift */ = {isa = PBXFileReference; lastKnownFileType = sourcecode.swift; path = banquemisr_challenge05UITests.swift; sourceTree = "<group>"; };
		F85EDF342CA5B01300B55FE0 /* banquemisr_challenge05UITestsLaunchTests.swift */ = {isa = PBXFileReference; lastKnownFileType = sourcecode.swift; path = banquemisr_challenge05UITestsLaunchTests.swift; sourceTree = "<group>"; };
		F85EDF4B2CA5B7A200B55FE0 /* popularViewController.swift */ = {isa = PBXFileReference; lastKnownFileType = sourcecode.swift; path = popularViewController.swift; sourceTree = "<group>"; };
		F85EDF4D2CA5B7C600B55FE0 /* popularViewModel.swift */ = {isa = PBXFileReference; lastKnownFileType = sourcecode.swift; path = popularViewModel.swift; sourceTree = "<group>"; };
		F85EDF4F2CA5B7E100B55FE0 /* upcomingViewController.swift */ = {isa = PBXFileReference; lastKnownFileType = sourcecode.swift; path = upcomingViewController.swift; sourceTree = "<group>"; };
		F85EDF512CA5B7F700B55FE0 /* upcomingViewModel.swift */ = {isa = PBXFileReference; lastKnownFileType = sourcecode.swift; path = upcomingViewModel.swift; sourceTree = "<group>"; };
		F85EDF532CA5B81600B55FE0 /* nowplayingViewModel.swift */ = {isa = PBXFileReference; lastKnownFileType = sourcecode.swift; path = nowplayingViewModel.swift; sourceTree = "<group>"; };
		F85EDF552CA5B82B00B55FE0 /* nowplayingViewController.swift */ = {isa = PBXFileReference; lastKnownFileType = sourcecode.swift; path = nowplayingViewController.swift; sourceTree = "<group>"; };
		F85EDF602CA5B90F00B55FE0 /* APIManger.swift */ = {isa = PBXFileReference; lastKnownFileType = sourcecode.swift; path = APIManger.swift; sourceTree = "<group>"; };
		F85EDF622CA5B92000B55FE0 /* Network.swift */ = {isa = PBXFileReference; lastKnownFileType = sourcecode.swift; path = Network.swift; sourceTree = "<group>"; };
		F85EDF672CA5BD7F00B55FE0 /* movieDetailesViewModel.swift */ = {isa = PBXFileReference; lastKnownFileType = sourcecode.swift; path = movieDetailesViewModel.swift; sourceTree = "<group>"; };
		F85EDF692CA5BD9B00B55FE0 /* MovieDetailesViewController.swift */ = {isa = PBXFileReference; lastKnownFileType = sourcecode.swift; path = MovieDetailesViewController.swift; sourceTree = "<group>"; };
		F85EDF6B2CA5F26D00B55FE0 /* NetworkProtocol.swift */ = {isa = PBXFileReference; lastKnownFileType = sourcecode.swift; path = NetworkProtocol.swift; sourceTree = "<group>"; };
		F85EDF6D2CA5FC8100B55FE0 /* CustomTableViewCell.swift */ = {isa = PBXFileReference; lastKnownFileType = sourcecode.swift; path = CustomTableViewCell.swift; sourceTree = "<group>"; };
		F85EDF6E2CA5FC8100B55FE0 /* CustomTableViewCell.xib */ = {isa = PBXFileReference; lastKnownFileType = file.xib; path = CustomTableViewCell.xib; sourceTree = "<group>"; };
		F85EDF722CA6337400B55FE0 /* NowPlayingModel.swift */ = {isa = PBXFileReference; lastKnownFileType = sourcecode.swift; path = NowPlayingModel.swift; sourceTree = "<group>"; };
/* End PBXFileReference section */

/* Begin PBXFrameworksBuildPhase section */
		F85EDF082CA5B01100B55FE0 /* Frameworks */ = {
			isa = PBXFrameworksBuildPhase;
			buildActionMask = 2147483647;
			files = (
			);
			runOnlyForDeploymentPostprocessing = 0;
		};
		F85EDF212CA5B01300B55FE0 /* Frameworks */ = {
			isa = PBXFrameworksBuildPhase;
			buildActionMask = 2147483647;
			files = (
			);
			runOnlyForDeploymentPostprocessing = 0;
		};
		F85EDF2B2CA5B01300B55FE0 /* Frameworks */ = {
			isa = PBXFrameworksBuildPhase;
			buildActionMask = 2147483647;
			files = (
			);
			runOnlyForDeploymentPostprocessing = 0;
		};
/* End PBXFrameworksBuildPhase section */

/* Begin PBXGroup section */
		F85EDF022CA5B01100B55FE0 = {
			isa = PBXGroup;
			children = (
				F85EDF0D2CA5B01100B55FE0 /* banquemisr.challenge05 */,
				F85EDF272CA5B01300B55FE0 /* banquemisr.challenge05Tests */,
				F85EDF312CA5B01300B55FE0 /* banquemisr.challenge05UITests */,
				F85EDF0C2CA5B01100B55FE0 /* Products */,
			);
			sourceTree = "<group>";
		};
		F85EDF0C2CA5B01100B55FE0 /* Products */ = {
			isa = PBXGroup;
			children = (
				F85EDF0B2CA5B01100B55FE0 /* banquemisr.challenge05.app */,
				F85EDF242CA5B01300B55FE0 /* banquemisr.challenge05Tests.xctest */,
				F85EDF2E2CA5B01300B55FE0 /* banquemisr.challenge05UITests.xctest */,
			);
			name = Products;
			sourceTree = "<group>";
		};
		F85EDF0D2CA5B01100B55FE0 /* banquemisr.challenge05 */ = {
			isa = PBXGroup;
			children = (
				F85EDF472CA5B40500B55FE0 /* View */,
				F85EDF442CA5B3D300B55FE0 /* Modules */,
				F85EDF422CA5B3B300B55FE0 /* Services */,
				F85EDF0E2CA5B01100B55FE0 /* AppDelegate.swift */,
				F85EDF102CA5B01100B55FE0 /* SceneDelegate.swift */,
				F85EDF1A2CA5B01300B55FE0 /* Assets.xcassets */,
				F85EDF1F2CA5B01300B55FE0 /* Info.plist */,
			);
			path = banquemisr.challenge05;
			sourceTree = "<group>";
		};
		F85EDF272CA5B01300B55FE0 /* banquemisr.challenge05Tests */ = {
			isa = PBXGroup;
			children = (
				F85EDF282CA5B01300B55FE0 /* banquemisr_challenge05Tests.swift */,
			);
			path = banquemisr.challenge05Tests;
			sourceTree = "<group>";
		};
		F85EDF312CA5B01300B55FE0 /* banquemisr.challenge05UITests */ = {
			isa = PBXGroup;
			children = (
				F85EDF322CA5B01300B55FE0 /* banquemisr_challenge05UITests.swift */,
				F85EDF342CA5B01300B55FE0 /* banquemisr_challenge05UITestsLaunchTests.swift */,
			);
			path = banquemisr.challenge05UITests;
			sourceTree = "<group>";
		};
		F85EDF422CA5B3B300B55FE0 /* Services */ = {
			isa = PBXGroup;
			children = (
				F85EDF462CA5B3F300B55FE0 /* Remote */,
				F85EDF452CA5B3E600B55FE0 /* Local */,
			);
			path = Services;
			sourceTree = "<group>";
		};
		F85EDF442CA5B3D300B55FE0 /* Modules */ = {
			isa = PBXGroup;
			children = (
				F85EDF482CA5B70200B55FE0 /* Now Playing */,
				F85EDF642CA5B96E00B55FE0 /* Movie Detailes */,
				F85EDF4A2CA5B77100B55FE0 /* Popular */,
				F85EDF492CA5B76500B55FE0 /* Upcoming */,
			);
			path = Modules;
			sourceTree = "<group>";
		};
		F85EDF452CA5B3E600B55FE0 /* Local */ = {
			isa = PBXGroup;
			children = (
				F85EDF572CA5B83E00B55FE0 /* DB */,
			);
			path = Local;
			sourceTree = "<group>";
		};
		F85EDF462CA5B3F300B55FE0 /* Remote */ = {
			isa = PBXGroup;
			children = (
				F85EDF5F2CA5B8E400B55FE0 /* API Manger */,
				F85EDF5E2CA5B8DB00B55FE0 /* Network */,
			);
			path = Remote;
			sourceTree = "<group>";
		};
		F85EDF472CA5B40500B55FE0 /* View */ = {
			isa = PBXGroup;
			children = (
				F85EDF1C2CA5B01300B55FE0 /* LaunchScreen.storyboard */,
				F85EDF142CA5B01100B55FE0 /* Main.storyboard */,
				F85EDF6D2CA5FC8100B55FE0 /* CustomTableViewCell.swift */,
				F85EDF6E2CA5FC8100B55FE0 /* CustomTableViewCell.xib */,
			);
			path = View;
			sourceTree = "<group>";
		};
		F85EDF482CA5B70200B55FE0 /* Now Playing */ = {
			isa = PBXGroup;
			children = (
				F85EDF712CA6335600B55FE0 /* Model */,
				F85EDF5D2CA5B8B500B55FE0 /* View Model */,
				F85EDF5C2CA5B8AB00B55FE0 /* View */,
			);
			path = "Now Playing";
			sourceTree = "<group>";
		};
		F85EDF492CA5B76500B55FE0 /* Upcoming */ = {
			isa = PBXGroup;
			children = (
				F85EDF5B2CA5B89600B55FE0 /* View Model */,
				F85EDF5A2CA5B88F00B55FE0 /* View */,
			);
			path = Upcoming;
			sourceTree = "<group>";
		};
		F85EDF4A2CA5B77100B55FE0 /* Popular */ = {
			isa = PBXGroup;
			children = (
				F85EDF592CA5B87B00B55FE0 /* View Model */,
				F85EDF582CA5B87100B55FE0 /* View */,
			);
			path = Popular;
			sourceTree = "<group>";
		};
		F85EDF572CA5B83E00B55FE0 /* DB */ = {
			isa = PBXGroup;
			children = (
				F85EDF172CA5B01100B55FE0 /* banquemisr_challenge05.xcdatamodeld */,
			);
			path = DB;
			sourceTree = "<group>";
		};
		F85EDF582CA5B87100B55FE0 /* View */ = {
			isa = PBXGroup;
			children = (
				F85EDF4B2CA5B7A200B55FE0 /* popularViewController.swift */,
			);
			path = View;
			sourceTree = "<group>";
		};
		F85EDF592CA5B87B00B55FE0 /* View Model */ = {
			isa = PBXGroup;
			children = (
				F85EDF4D2CA5B7C600B55FE0 /* popularViewModel.swift */,
			);
			path = "View Model";
			sourceTree = "<group>";
		};
		F85EDF5A2CA5B88F00B55FE0 /* View */ = {
			isa = PBXGroup;
			children = (
				F85EDF4F2CA5B7E100B55FE0 /* upcomingViewController.swift */,
			);
			path = View;
			sourceTree = "<group>";
		};
		F85EDF5B2CA5B89600B55FE0 /* View Model */ = {
			isa = PBXGroup;
			children = (
				F85EDF512CA5B7F700B55FE0 /* upcomingViewModel.swift */,
			);
			path = "View Model";
			sourceTree = "<group>";
		};
		F85EDF5C2CA5B8AB00B55FE0 /* View */ = {
			isa = PBXGroup;
			children = (
				F85EDF552CA5B82B00B55FE0 /* nowplayingViewController.swift */,
			);
			path = View;
			sourceTree = "<group>";
		};
		F85EDF5D2CA5B8B500B55FE0 /* View Model */ = {
			isa = PBXGroup;
			children = (
				F85EDF532CA5B81600B55FE0 /* nowplayingViewModel.swift */,
			);
			path = "View Model";
			sourceTree = "<group>";
		};
		F85EDF5E2CA5B8DB00B55FE0 /* Network */ = {
			isa = PBXGroup;
			children = (
				F85EDF622CA5B92000B55FE0 /* Network.swift */,
				F85EDF6B2CA5F26D00B55FE0 /* NetworkProtocol.swift */,
			);
			path = Network;
			sourceTree = "<group>";
		};
		F85EDF5F2CA5B8E400B55FE0 /* API Manger */ = {
			isa = PBXGroup;
			children = (
				F85EDF602CA5B90F00B55FE0 /* APIManger.swift */,
			);
			path = "API Manger";
			sourceTree = "<group>";
		};
		F85EDF642CA5B96E00B55FE0 /* Movie Detailes */ = {
			isa = PBXGroup;
			children = (
				F85EDF662CA5B98400B55FE0 /* View Model */,
				F85EDF652CA5B97C00B55FE0 /* View */,
			);
			path = "Movie Detailes";
			sourceTree = "<group>";
		};
		F85EDF652CA5B97C00B55FE0 /* View */ = {
			isa = PBXGroup;
			children = (
				F85EDF692CA5BD9B00B55FE0 /* MovieDetailesViewController.swift */,
			);
			path = View;
			sourceTree = "<group>";
		};
		F85EDF662CA5B98400B55FE0 /* View Model */ = {
			isa = PBXGroup;
			children = (
				F85EDF672CA5BD7F00B55FE0 /* movieDetailesViewModel.swift */,
			);
			path = "View Model";
			sourceTree = "<group>";
		};
		F85EDF712CA6335600B55FE0 /* Model */ = {
			isa = PBXGroup;
			children = (
				F85EDF722CA6337400B55FE0 /* NowPlayingModel.swift */,
			);
			path = Model;
			sourceTree = "<group>";
		};
/* End PBXGroup section */

/* Begin PBXNativeTarget section */
		F85EDF0A2CA5B01100B55FE0 /* banquemisr.challenge05 */ = {
			isa = PBXNativeTarget;
			buildConfigurationList = F85EDF382CA5B01300B55FE0 /* Build configuration list for PBXNativeTarget "banquemisr.challenge05" */;
			buildPhases = (
				F85EDF072CA5B01100B55FE0 /* Sources */,
				F85EDF082CA5B01100B55FE0 /* Frameworks */,
				F85EDF092CA5B01100B55FE0 /* Resources */,
			);
			buildRules = (
			);
			dependencies = (
			);
			name = banquemisr.challenge05;
			productName = banquemisr.challenge05;
			productReference = F85EDF0B2CA5B01100B55FE0 /* banquemisr.challenge05.app */;
			productType = "com.apple.product-type.application";
		};
		F85EDF232CA5B01300B55FE0 /* banquemisr.challenge05Tests */ = {
			isa = PBXNativeTarget;
			buildConfigurationList = F85EDF3B2CA5B01300B55FE0 /* Build configuration list for PBXNativeTarget "banquemisr.challenge05Tests" */;
			buildPhases = (
				F85EDF202CA5B01300B55FE0 /* Sources */,
				F85EDF212CA5B01300B55FE0 /* Frameworks */,
				F85EDF222CA5B01300B55FE0 /* Resources */,
			);
			buildRules = (
			);
			dependencies = (
				F85EDF262CA5B01300B55FE0 /* PBXTargetDependency */,
			);
			name = banquemisr.challenge05Tests;
			productName = banquemisr.challenge05Tests;
			productReference = F85EDF242CA5B01300B55FE0 /* banquemisr.challenge05Tests.xctest */;
			productType = "com.apple.product-type.bundle.unit-test";
		};
		F85EDF2D2CA5B01300B55FE0 /* banquemisr.challenge05UITests */ = {
			isa = PBXNativeTarget;
			buildConfigurationList = F85EDF3E2CA5B01300B55FE0 /* Build configuration list for PBXNativeTarget "banquemisr.challenge05UITests" */;
			buildPhases = (
				F85EDF2A2CA5B01300B55FE0 /* Sources */,
				F85EDF2B2CA5B01300B55FE0 /* Frameworks */,
				F85EDF2C2CA5B01300B55FE0 /* Resources */,
			);
			buildRules = (
			);
			dependencies = (
				F85EDF302CA5B01300B55FE0 /* PBXTargetDependency */,
			);
			name = banquemisr.challenge05UITests;
			productName = banquemisr.challenge05UITests;
			productReference = F85EDF2E2CA5B01300B55FE0 /* banquemisr.challenge05UITests.xctest */;
			productType = "com.apple.product-type.bundle.ui-testing";
		};
/* End PBXNativeTarget section */

/* Begin PBXProject section */
		F85EDF032CA5B01100B55FE0 /* Project object */ = {
			isa = PBXProject;
			attributes = {
				BuildIndependentTargetsInParallel = 1;
				LastSwiftUpdateCheck = 1430;
				LastUpgradeCheck = 1430;
				TargetAttributes = {
					F85EDF0A2CA5B01100B55FE0 = {
						CreatedOnToolsVersion = 14.3.1;
					};
					F85EDF232CA5B01300B55FE0 = {
						CreatedOnToolsVersion = 14.3.1;
						TestTargetID = F85EDF0A2CA5B01100B55FE0;
					};
					F85EDF2D2CA5B01300B55FE0 = {
						CreatedOnToolsVersion = 14.3.1;
						TestTargetID = F85EDF0A2CA5B01100B55FE0;
					};
				};
			};
			buildConfigurationList = F85EDF062CA5B01100B55FE0 /* Build configuration list for PBXProject "banquemisr.challenge05" */;
			compatibilityVersion = "Xcode 14.0";
			developmentRegion = en;
			hasScannedForEncodings = 0;
			knownRegions = (
				en,
				Base,
			);
			mainGroup = F85EDF022CA5B01100B55FE0;
			productRefGroup = F85EDF0C2CA5B01100B55FE0 /* Products */;
			projectDirPath = "";
			projectRoot = "";
			targets = (
				F85EDF0A2CA5B01100B55FE0 /* banquemisr.challenge05 */,
				F85EDF232CA5B01300B55FE0 /* banquemisr.challenge05Tests */,
				F85EDF2D2CA5B01300B55FE0 /* banquemisr.challenge05UITests */,
			);
		};
/* End PBXProject section */

/* Begin PBXResourcesBuildPhase section */
		F85EDF092CA5B01100B55FE0 /* Resources */ = {
			isa = PBXResourcesBuildPhase;
			buildActionMask = 2147483647;
			files = (
				F85EDF1E2CA5B01300B55FE0 /* LaunchScreen.storyboard in Resources */,
				F85EDF1B2CA5B01300B55FE0 /* Assets.xcassets in Resources */,
				F85EDF702CA5FC8100B55FE0 /* CustomTableViewCell.xib in Resources */,
				F85EDF162CA5B01100B55FE0 /* Main.storyboard in Resources */,
			);
			runOnlyForDeploymentPostprocessing = 0;
		};
		F85EDF222CA5B01300B55FE0 /* Resources */ = {
			isa = PBXResourcesBuildPhase;
			buildActionMask = 2147483647;
			files = (
			);
			runOnlyForDeploymentPostprocessing = 0;
		};
		F85EDF2C2CA5B01300B55FE0 /* Resources */ = {
			isa = PBXResourcesBuildPhase;
			buildActionMask = 2147483647;
			files = (
			);
			runOnlyForDeploymentPostprocessing = 0;
		};
/* End PBXResourcesBuildPhase section */

/* Begin PBXSourcesBuildPhase section */
		F85EDF072CA5B01100B55FE0 /* Sources */ = {
			isa = PBXSourcesBuildPhase;
			buildActionMask = 2147483647;
			files = (
				F85EDF542CA5B81600B55FE0 /* nowplayingViewModel.swift in Sources */,
				F85EDF522CA5B7F700B55FE0 /* upcomingViewModel.swift in Sources */,
				F85EDF632CA5B92000B55FE0 /* Network.swift in Sources */,
				F85EDF562CA5B82B00B55FE0 /* nowplayingViewController.swift in Sources */,
				F85EDF612CA5B90F00B55FE0 /* APIManger.swift in Sources */,
				F85EDF192CA5B01100B55FE0 /* banquemisr_challenge05.xcdatamodeld in Sources */,
				F85EDF6F2CA5FC8100B55FE0 /* CustomTableViewCell.swift in Sources */,
				F85EDF4C2CA5B7A200B55FE0 /* popularViewController.swift in Sources */,
				F85EDF0F2CA5B01100B55FE0 /* AppDelegate.swift in Sources */,
				F85EDF732CA6337400B55FE0 /* NowPlayingModel.swift in Sources */,
				F85EDF682CA5BD7F00B55FE0 /* movieDetailesViewModel.swift in Sources */,
				F85EDF6A2CA5BD9B00B55FE0 /* MovieDetailesViewController.swift in Sources */,
				F85EDF6C2CA5F26D00B55FE0 /* NetworkProtocol.swift in Sources */,
				F85EDF502CA5B7E100B55FE0 /* upcomingViewController.swift in Sources */,
				F85EDF4E2CA5B7C600B55FE0 /* popularViewModel.swift in Sources */,
				F85EDF112CA5B01100B55FE0 /* SceneDelegate.swift in Sources */,
			);
			runOnlyForDeploymentPostprocessing = 0;
		};
		F85EDF202CA5B01300B55FE0 /* Sources */ = {
			isa = PBXSourcesBuildPhase;
			buildActionMask = 2147483647;
			files = (
				F85EDF292CA5B01300B55FE0 /* banquemisr_challenge05Tests.swift in Sources */,
			);
			runOnlyForDeploymentPostprocessing = 0;
		};
		F85EDF2A2CA5B01300B55FE0 /* Sources */ = {
			isa = PBXSourcesBuildPhase;
			buildActionMask = 2147483647;
			files = (
				F85EDF352CA5B01300B55FE0 /* banquemisr_challenge05UITestsLaunchTests.swift in Sources */,
				F85EDF332CA5B01300B55FE0 /* banquemisr_challenge05UITests.swift in Sources */,
			);
			runOnlyForDeploymentPostprocessing = 0;
		};
/* End PBXSourcesBuildPhase section */

/* Begin PBXTargetDependency section */
		F85EDF262CA5B01300B55FE0 /* PBXTargetDependency */ = {
			isa = PBXTargetDependency;
			target = F85EDF0A2CA5B01100B55FE0 /* banquemisr.challenge05 */;
			targetProxy = F85EDF252CA5B01300B55FE0 /* PBXContainerItemProxy */;
		};
		F85EDF302CA5B01300B55FE0 /* PBXTargetDependency */ = {
			isa = PBXTargetDependency;
			target = F85EDF0A2CA5B01100B55FE0 /* banquemisr.challenge05 */;
			targetProxy = F85EDF2F2CA5B01300B55FE0 /* PBXContainerItemProxy */;
		};
/* End PBXTargetDependency section */

/* Begin PBXVariantGroup section */
		F85EDF142CA5B01100B55FE0 /* Main.storyboard */ = {
			isa = PBXVariantGroup;
			children = (
				F85EDF152CA5B01100B55FE0 /* Base */,
			);
			name = Main.storyboard;
			sourceTree = "<group>";
		};
		F85EDF1C2CA5B01300B55FE0 /* LaunchScreen.storyboard */ = {
			isa = PBXVariantGroup;
			children = (
				F85EDF1D2CA5B01300B55FE0 /* Base */,
			);
			name = LaunchScreen.storyboard;
			sourceTree = "<group>";
		};
/* End PBXVariantGroup section */

/* Begin XCBuildConfiguration section */
		F85EDF362CA5B01300B55FE0 /* Debug */ = {
			isa = XCBuildConfiguration;
			buildSettings = {
				ALWAYS_SEARCH_USER_PATHS = NO;
				CLANG_ANALYZER_NONNULL = YES;
				CLANG_ANALYZER_NUMBER_OBJECT_CONVERSION = YES_AGGRESSIVE;
				CLANG_CXX_LANGUAGE_STANDARD = "gnu++20";
				CLANG_ENABLE_MODULES = YES;
				CLANG_ENABLE_OBJC_ARC = YES;
				CLANG_ENABLE_OBJC_WEAK = YES;
				CLANG_WARN_BLOCK_CAPTURE_AUTORELEASING = YES;
				CLANG_WARN_BOOL_CONVERSION = YES;
				CLANG_WARN_COMMA = YES;
				CLANG_WARN_CONSTANT_CONVERSION = YES;
				CLANG_WARN_DEPRECATED_OBJC_IMPLEMENTATIONS = YES;
				CLANG_WARN_DIRECT_OBJC_ISA_USAGE = YES_ERROR;
				CLANG_WARN_DOCUMENTATION_COMMENTS = YES;
				CLANG_WARN_EMPTY_BODY = YES;
				CLANG_WARN_ENUM_CONVERSION = YES;
				CLANG_WARN_INFINITE_RECURSION = YES;
				CLANG_WARN_INT_CONVERSION = YES;
				CLANG_WARN_NON_LITERAL_NULL_CONVERSION = YES;
				CLANG_WARN_OBJC_IMPLICIT_RETAIN_SELF = YES;
				CLANG_WARN_OBJC_LITERAL_CONVERSION = YES;
				CLANG_WARN_OBJC_ROOT_CLASS = YES_ERROR;
				CLANG_WARN_QUOTED_INCLUDE_IN_FRAMEWORK_HEADER = YES;
				CLANG_WARN_RANGE_LOOP_ANALYSIS = YES;
				CLANG_WARN_STRICT_PROTOTYPES = YES;
				CLANG_WARN_SUSPICIOUS_MOVE = YES;
				CLANG_WARN_UNGUARDED_AVAILABILITY = YES_AGGRESSIVE;
				CLANG_WARN_UNREACHABLE_CODE = YES;
				CLANG_WARN__DUPLICATE_METHOD_MATCH = YES;
				COPY_PHASE_STRIP = NO;
				DEBUG_INFORMATION_FORMAT = dwarf;
				ENABLE_STRICT_OBJC_MSGSEND = YES;
				ENABLE_TESTABILITY = YES;
				GCC_C_LANGUAGE_STANDARD = gnu11;
				GCC_DYNAMIC_NO_PIC = NO;
				GCC_NO_COMMON_BLOCKS = YES;
				GCC_OPTIMIZATION_LEVEL = 0;
				GCC_PREPROCESSOR_DEFINITIONS = (
					"DEBUG=1",
					"$(inherited)",
				);
				GCC_WARN_64_TO_32_BIT_CONVERSION = YES;
				GCC_WARN_ABOUT_RETURN_TYPE = YES_ERROR;
				GCC_WARN_UNDECLARED_SELECTOR = YES;
				GCC_WARN_UNINITIALIZED_AUTOS = YES_AGGRESSIVE;
				GCC_WARN_UNUSED_FUNCTION = YES;
				GCC_WARN_UNUSED_VARIABLE = YES;
				IPHONEOS_DEPLOYMENT_TARGET = 16.4;
				MTL_ENABLE_DEBUG_INFO = INCLUDE_SOURCE;
				MTL_FAST_MATH = YES;
				ONLY_ACTIVE_ARCH = YES;
				SDKROOT = iphoneos;
				SWIFT_ACTIVE_COMPILATION_CONDITIONS = DEBUG;
				SWIFT_OPTIMIZATION_LEVEL = "-Onone";
			};
			name = Debug;
		};
		F85EDF372CA5B01300B55FE0 /* Release */ = {
			isa = XCBuildConfiguration;
			buildSettings = {
				ALWAYS_SEARCH_USER_PATHS = NO;
				CLANG_ANALYZER_NONNULL = YES;
				CLANG_ANALYZER_NUMBER_OBJECT_CONVERSION = YES_AGGRESSIVE;
				CLANG_CXX_LANGUAGE_STANDARD = "gnu++20";
				CLANG_ENABLE_MODULES = YES;
				CLANG_ENABLE_OBJC_ARC = YES;
				CLANG_ENABLE_OBJC_WEAK = YES;
				CLANG_WARN_BLOCK_CAPTURE_AUTORELEASING = YES;
				CLANG_WARN_BOOL_CONVERSION = YES;
				CLANG_WARN_COMMA = YES;
				CLANG_WARN_CONSTANT_CONVERSION = YES;
				CLANG_WARN_DEPRECATED_OBJC_IMPLEMENTATIONS = YES;
				CLANG_WARN_DIRECT_OBJC_ISA_USAGE = YES_ERROR;
				CLANG_WARN_DOCUMENTATION_COMMENTS = YES;
				CLANG_WARN_EMPTY_BODY = YES;
				CLANG_WARN_ENUM_CONVERSION = YES;
				CLANG_WARN_INFINITE_RECURSION = YES;
				CLANG_WARN_INT_CONVERSION = YES;
				CLANG_WARN_NON_LITERAL_NULL_CONVERSION = YES;
				CLANG_WARN_OBJC_IMPLICIT_RETAIN_SELF = YES;
				CLANG_WARN_OBJC_LITERAL_CONVERSION = YES;
				CLANG_WARN_OBJC_ROOT_CLASS = YES_ERROR;
				CLANG_WARN_QUOTED_INCLUDE_IN_FRAMEWORK_HEADER = YES;
				CLANG_WARN_RANGE_LOOP_ANALYSIS = YES;
				CLANG_WARN_STRICT_PROTOTYPES = YES;
				CLANG_WARN_SUSPICIOUS_MOVE = YES;
				CLANG_WARN_UNGUARDED_AVAILABILITY = YES_AGGRESSIVE;
				CLANG_WARN_UNREACHABLE_CODE = YES;
				CLANG_WARN__DUPLICATE_METHOD_MATCH = YES;
				COPY_PHASE_STRIP = NO;
				DEBUG_INFORMATION_FORMAT = "dwarf-with-dsym";
				ENABLE_NS_ASSERTIONS = NO;
				ENABLE_STRICT_OBJC_MSGSEND = YES;
				GCC_C_LANGUAGE_STANDARD = gnu11;
				GCC_NO_COMMON_BLOCKS = YES;
				GCC_WARN_64_TO_32_BIT_CONVERSION = YES;
				GCC_WARN_ABOUT_RETURN_TYPE = YES_ERROR;
				GCC_WARN_UNDECLARED_SELECTOR = YES;
				GCC_WARN_UNINITIALIZED_AUTOS = YES_AGGRESSIVE;
				GCC_WARN_UNUSED_FUNCTION = YES;
				GCC_WARN_UNUSED_VARIABLE = YES;
				IPHONEOS_DEPLOYMENT_TARGET = 16.4;
				MTL_ENABLE_DEBUG_INFO = NO;
				MTL_FAST_MATH = YES;
				SDKROOT = iphoneos;
				SWIFT_COMPILATION_MODE = wholemodule;
				SWIFT_OPTIMIZATION_LEVEL = "-O";
				VALIDATE_PRODUCT = YES;
			};
			name = Release;
		};
		F85EDF392CA5B01300B55FE0 /* Debug */ = {
			isa = XCBuildConfiguration;
			buildSettings = {
				ASSETCATALOG_COMPILER_APPICON_NAME = AppIcon;
				ASSETCATALOG_COMPILER_GLOBAL_ACCENT_COLOR_NAME = AccentColor;
				CODE_SIGN_STYLE = Automatic;
				CURRENT_PROJECT_VERSION = 1;
				GENERATE_INFOPLIST_FILE = YES;
				INFOPLIST_FILE = banquemisr.challenge05/Info.plist;
				INFOPLIST_KEY_UIApplicationSupportsIndirectInputEvents = YES;
				INFOPLIST_KEY_UILaunchStoryboardName = LaunchScreen;
				INFOPLIST_KEY_UIMainStoryboardFile = Main;
				INFOPLIST_KEY_UISupportedInterfaceOrientations_iPad = "UIInterfaceOrientationPortrait UIInterfaceOrientationPortraitUpsideDown UIInterfaceOrientationLandscapeLeft UIInterfaceOrientationLandscapeRight";
				INFOPLIST_KEY_UISupportedInterfaceOrientations_iPhone = "UIInterfaceOrientationPortrait UIInterfaceOrientationLandscapeLeft UIInterfaceOrientationLandscapeRight";
				LD_RUNPATH_SEARCH_PATHS = (
					"$(inherited)",
					"@executable_path/Frameworks",
				);
				MARKETING_VERSION = 1.0;
				PRODUCT_BUNDLE_IDENTIFIER = "iti-ocprogrammingcourse.banquemisr-challenge05";
				PRODUCT_NAME = "$(TARGET_NAME)";
				SWIFT_EMIT_LOC_STRINGS = YES;
				SWIFT_VERSION = 5.0;
				TARGETED_DEVICE_FAMILY = "1,2";
			};
			name = Debug;
		};
		F85EDF3A2CA5B01300B55FE0 /* Release */ = {
			isa = XCBuildConfiguration;
			buildSettings = {
				ASSETCATALOG_COMPILER_APPICON_NAME = AppIcon;
				ASSETCATALOG_COMPILER_GLOBAL_ACCENT_COLOR_NAME = AccentColor;
				CODE_SIGN_STYLE = Automatic;
				CURRENT_PROJECT_VERSION = 1;
				GENERATE_INFOPLIST_FILE = YES;
				INFOPLIST_FILE = banquemisr.challenge05/Info.plist;
				INFOPLIST_KEY_UIApplicationSupportsIndirectInputEvents = YES;
				INFOPLIST_KEY_UILaunchStoryboardName = LaunchScreen;
				INFOPLIST_KEY_UIMainStoryboardFile = Main;
				INFOPLIST_KEY_UISupportedInterfaceOrientations_iPad = "UIInterfaceOrientationPortrait UIInterfaceOrientationPortraitUpsideDown UIInterfaceOrientationLandscapeLeft UIInterfaceOrientationLandscapeRight";
				INFOPLIST_KEY_UISupportedInterfaceOrientations_iPhone = "UIInterfaceOrientationPortrait UIInterfaceOrientationLandscapeLeft UIInterfaceOrientationLandscapeRight";
				LD_RUNPATH_SEARCH_PATHS = (
					"$(inherited)",
					"@executable_path/Frameworks",
				);
				MARKETING_VERSION = 1.0;
				PRODUCT_BUNDLE_IDENTIFIER = "iti-ocprogrammingcourse.banquemisr-challenge05";
				PRODUCT_NAME = "$(TARGET_NAME)";
				SWIFT_EMIT_LOC_STRINGS = YES;
				SWIFT_VERSION = 5.0;
				TARGETED_DEVICE_FAMILY = "1,2";
			};
			name = Release;
		};
		F85EDF3C2CA5B01300B55FE0 /* Debug */ = {
			isa = XCBuildConfiguration;
			buildSettings = {
				ALWAYS_EMBED_SWIFT_STANDARD_LIBRARIES = YES;
				BUNDLE_LOADER = "$(TEST_HOST)";
				CODE_SIGN_STYLE = Automatic;
				CURRENT_PROJECT_VERSION = 1;
				GENERATE_INFOPLIST_FILE = YES;
				IPHONEOS_DEPLOYMENT_TARGET = 16.4;
				MARKETING_VERSION = 1.0;
				PRODUCT_BUNDLE_IDENTIFIER = "iti-ocprogrammingcourse.banquemisr-challenge05Tests";
				PRODUCT_NAME = "$(TARGET_NAME)";
				SWIFT_EMIT_LOC_STRINGS = NO;
				SWIFT_VERSION = 5.0;
				TARGETED_DEVICE_FAMILY = "1,2";
				TEST_HOST = "$(BUILT_PRODUCTS_DIR)/banquemisr.challenge05.app/$(BUNDLE_EXECUTABLE_FOLDER_PATH)/banquemisr.challenge05";
			};
			name = Debug;
		};
		F85EDF3D2CA5B01300B55FE0 /* Release */ = {
			isa = XCBuildConfiguration;
			buildSettings = {
				ALWAYS_EMBED_SWIFT_STANDARD_LIBRARIES = YES;
				BUNDLE_LOADER = "$(TEST_HOST)";
				CODE_SIGN_STYLE = Automatic;
				CURRENT_PROJECT_VERSION = 1;
				GENERATE_INFOPLIST_FILE = YES;
				IPHONEOS_DEPLOYMENT_TARGET = 16.4;
				MARKETING_VERSION = 1.0;
				PRODUCT_BUNDLE_IDENTIFIER = "iti-ocprogrammingcourse.banquemisr-challenge05Tests";
				PRODUCT_NAME = "$(TARGET_NAME)";
				SWIFT_EMIT_LOC_STRINGS = NO;
				SWIFT_VERSION = 5.0;
				TARGETED_DEVICE_FAMILY = "1,2";
				TEST_HOST = "$(BUILT_PRODUCTS_DIR)/banquemisr.challenge05.app/$(BUNDLE_EXECUTABLE_FOLDER_PATH)/banquemisr.challenge05";
			};
			name = Release;
		};
		F85EDF3F2CA5B01300B55FE0 /* Debug */ = {
			isa = XCBuildConfiguration;
			buildSettings = {
				ALWAYS_EMBED_SWIFT_STANDARD_LIBRARIES = YES;
				CODE_SIGN_STYLE = Automatic;
				CURRENT_PROJECT_VERSION = 1;
				GENERATE_INFOPLIST_FILE = YES;
				MARKETING_VERSION = 1.0;
				PRODUCT_BUNDLE_IDENTIFIER = "iti-ocprogrammingcourse.banquemisr-challenge05UITests";
				PRODUCT_NAME = "$(TARGET_NAME)";
				SWIFT_EMIT_LOC_STRINGS = NO;
				SWIFT_VERSION = 5.0;
				TARGETED_DEVICE_FAMILY = "1,2";
				TEST_TARGET_NAME = banquemisr.challenge05;
			};
			name = Debug;
		};
		F85EDF402CA5B01300B55FE0 /* Release */ = {
			isa = XCBuildConfiguration;
			buildSettings = {
				ALWAYS_EMBED_SWIFT_STANDARD_LIBRARIES = YES;
				CODE_SIGN_STYLE = Automatic;
				CURRENT_PROJECT_VERSION = 1;
				GENERATE_INFOPLIST_FILE = YES;
				MARKETING_VERSION = 1.0;
				PRODUCT_BUNDLE_IDENTIFIER = "iti-ocprogrammingcourse.banquemisr-challenge05UITests";
				PRODUCT_NAME = "$(TARGET_NAME)";
				SWIFT_EMIT_LOC_STRINGS = NO;
				SWIFT_VERSION = 5.0;
				TARGETED_DEVICE_FAMILY = "1,2";
				TEST_TARGET_NAME = banquemisr.challenge05;
			};
			name = Release;
		};
/* End XCBuildConfiguration section */

/* Begin XCConfigurationList section */
		F85EDF062CA5B01100B55FE0 /* Build configuration list for PBXProject "banquemisr.challenge05" */ = {
			isa = XCConfigurationList;
			buildConfigurations = (
				F85EDF362CA5B01300B55FE0 /* Debug */,
				F85EDF372CA5B01300B55FE0 /* Release */,
			);
			defaultConfigurationIsVisible = 0;
			defaultConfigurationName = Release;
		};
		F85EDF382CA5B01300B55FE0 /* Build configuration list for PBXNativeTarget "banquemisr.challenge05" */ = {
			isa = XCConfigurationList;
			buildConfigurations = (
				F85EDF392CA5B01300B55FE0 /* Debug */,
				F85EDF3A2CA5B01300B55FE0 /* Release */,
			);
			defaultConfigurationIsVisible = 0;
			defaultConfigurationName = Release;
		};
		F85EDF3B2CA5B01300B55FE0 /* Build configuration list for PBXNativeTarget "banquemisr.challenge05Tests" */ = {
			isa = XCConfigurationList;
			buildConfigurations = (
				F85EDF3C2CA5B01300B55FE0 /* Debug */,
				F85EDF3D2CA5B01300B55FE0 /* Release */,
			);
			defaultConfigurationIsVisible = 0;
			defaultConfigurationName = Release;
		};
		F85EDF3E2CA5B01300B55FE0 /* Build configuration list for PBXNativeTarget "banquemisr.challenge05UITests" */ = {
			isa = XCConfigurationList;
			buildConfigurations = (
				F85EDF3F2CA5B01300B55FE0 /* Debug */,
				F85EDF402CA5B01300B55FE0 /* Release */,
			);
			defaultConfigurationIsVisible = 0;
			defaultConfigurationName = Release;
		};
/* End XCConfigurationList section */

/* Begin XCVersionGroup section */
		F85EDF172CA5B01100B55FE0 /* banquemisr_challenge05.xcdatamodeld */ = {
			isa = XCVersionGroup;
			children = (
				F85EDF182CA5B01100B55FE0 /* banquemisr_challenge05.xcdatamodel */,
			);
			currentVersion = F85EDF182CA5B01100B55FE0 /* banquemisr_challenge05.xcdatamodel */;
			path = banquemisr_challenge05.xcdatamodeld;
			sourceTree = "<group>";
			versionGroupType = wrapper.xcdatamodel;
		};
/* End XCVersionGroup section */
	};
	rootObject = F85EDF032CA5B01100B55FE0 /* Project object */;
}
